// !$*UTF8*$!
{
	archiveVersion = 1;
	classes = {
	};
	objectVersion = 56;
	objects = {

/* Begin PBXBuildFile section */
		6F5F45F52F38FDE600CAD06A /* LandingPage.swift in Sources */ = {isa = PBXBuildFile; fileRef = 6F5F45F42F38FDD700CAD06A /* LandingPage.swift */; };
		6FBCF7DB2F422FFF00916CEF /* TransactionsDatabase.swift in Sources */ = {isa = PBXBuildFile; fileRef = 6FBCF7D82F422FFF00916CEF /* TransactionsDatabase.swift */; };
		6F6EB1552F418E3300F45928 /* Asset_database.json in Resources */ = {isa = PBXBuildFile; fileRef = 6F6EB1542F418E3300F45928 /* Asset_database.json */; };
		6F6EB1592F41A47800F45928 /* Commercial_properties.json in Resources */ = {isa = PBXBuildFile; fileRef = 6F6EB1562F41A47800F45928 /* Commercial_properties.json */; };
		6F6EB15A2F41A47800F45928 /* Player_accounts.json in Resources */ = {isa = PBXBuildFile; fileRef = 6F6EB1572F41A47800F45928 /* Player_accounts.json */; };
		6F6EB15B2F41A47800F45928 /* Player_database.json in Resources */ = {isa = PBXBuildFile; fileRef = 6F6EB1582F41A47800F45928 /* Player_database.json */; };
		6F6EB15D2F41A61300F45928 /* PropertyPage.swift in Sources */ = {isa = PBXBuildFile; fileRef = 6F6EB15C2F41A60D00F45928 /* PropertyPage.swift */; };
		6F6EB15E2F41A61400F45928 /* DatabasePage.swift in Sources */ = {isa = PBXBuildFile; fileRef = 6F6EB15F2F41A60E00F45928 /* DatabasePage.swift */; };
		6F6EB1702F41A61300F45928 /* UtilitiesPage.swift in Sources */ = {isa = PBXBuildFile; fileRef = 6F6EB16F2F41A60D00F45928 /* UtilitiesPage.swift */; };
		F201C3072CC82398009EDFFC /* Weather_AppApp.swift in Sources */ = {isa = PBXBuildFile; fileRef = F201C3062CC82398009EDFFC /* Weather_AppApp.swift */; };
		F201C3092CC82398009EDFFC /* ContentView.swift in Sources */ = {isa = PBXBuildFile; fileRef = F201C3082CC82398009EDFFC /* ContentView.swift */; };
		F201C30B2CC8239B009EDFFC /* Assets.xcassets in Resources */ = {isa = PBXBuildFile; fileRef = F201C30A2CC8239B009EDFFC /* Assets.xcassets */; };
		F201C30F2CC8239C009EDFFC /* Preview Assets.xcassets in Resources */ = {isa = PBXBuildFile; fileRef = F201C30E2CC8239C009EDFFC /* Preview Assets.xcassets */; };
		F201C3192CC8239C009EDFFC /* Weather_AppTests.swift in Sources */ = {isa = PBXBuildFile; fileRef = F201C3182CC8239C009EDFFC /* Weather_AppTests.swift */; };
		F201C3232CC8239C009EDFFC /* Weather_AppUITests.swift in Sources */ = {isa = PBXBuildFile; fileRef = F201C3222CC8239C009EDFFC /* Weather_AppUITests.swift */; };
		F201C3252CC8239C009EDFFC /* Weather_AppUITestsLaunchTests.swift in Sources */ = {isa = PBXBuildFile; fileRef = F201C3242CC8239C009EDFFC /* Weather_AppUITestsLaunchTests.swift */; };
/* End PBXBuildFile section */

/* Begin PBXContainerItemProxy section */
		F201C3152CC8239C009EDFFC /* PBXContainerItemProxy */ = {
			isa = PBXContainerItemProxy;
			containerPortal = F201C2FB2CC82398009EDFFC /* Project object */;
			proxyType = 1;
			remoteGlobalIDString = F201C3022CC82398009EDFFC;
			remoteInfo = "Weather App";
		};
		F201C31F2CC8239C009EDFFC /* PBXContainerItemProxy */ = {
			isa = PBXContainerItemProxy;
			containerPortal = F201C2FB2CC82398009EDFFC /* Project object */;
			proxyType = 1;
			remoteGlobalIDString = F201C3022CC82398009EDFFC;
			remoteInfo = "Weather App";
		};
/* End PBXContainerItemProxy section */

/* Begin PBXFileReference section */
		6F5F45F42F38FDD700CAD06A /* LandingPage.swift */ = {isa = PBXFileReference; lastKnownFileType = sourcecode.swift; path = LandingPage.swift; sourceTree = "<group>"; };
		6FBCF7D82F422FFF00916CEF /* TransactionsDatabase.swift */ = {isa = PBXFileReference; lastKnownFileType = sourcecode.swift; path = TransactionsDatabase.swift; sourceTree = "<group>"; };
		6F6EB1542F418E3300F45928 /* Asset_database.json */ = {isa = PBXFileReference; lastKnownFileType = text.json; path = Asset_database.json; sourceTree = "<group>"; };
		6F6EB1562F41A47800F45928 /* Commercial_properties.json */ = {isa = PBXFileReference; lastKnownFileType = text.json; path = Commercial_properties.json; sourceTree = "<group>"; };
		6F6EB1572F41A47800F45928 /* Player_accounts.json */ = {isa = PBXFileReference; lastKnownFileType = text.json; path = Player_accounts.json; sourceTree = "<group>"; };
		6F6EB1582F41A47800F45928 /* Player_database.json */ = {isa = PBXFileReference; lastKnownFileType = text.json; path = Player_database.json; sourceTree = "<group>"; };
		6F6EB15C2F41A60D00F45928 /* PropertyPage.swift */ = {isa = PBXFileReference; lastKnownFileType = sourcecode.swift; path = PropertyPage.swift; sourceTree = "<group>"; };
		6F6EB15F2F41A60E00F45928 /* DatabasePage.swift */ = {isa = PBXFileReference; lastKnownFileType = sourcecode.swift; path = DatabasePage.swift; sourceTree = "<group>"; };
		6F6EB16F2F41A60D00F45928 /* UtilitiesPage.swift */ = {isa = PBXFileReference; lastKnownFileType = sourcecode.swift; path = UtilitiesPage.swift; sourceTree = "<group>"; };
		F201C3032CC82398009EDFFC /* Weather App.app */ = {isa = PBXFileReference; explicitFileType = wrapper.application; includeInIndex = 0; path = "Weather App.app"; sourceTree = BUILT_PRODUCTS_DIR; };
		F201C3062CC82398009EDFFC /* Weather_AppApp.swift */ = {isa = PBXFileReference; lastKnownFileType = sourcecode.swift; path = Weather_AppApp.swift; sourceTree = "<group>"; };
		F201C3082CC82398009EDFFC /* ContentView.swift */ = {isa = PBXFileReference; lastKnownFileType = sourcecode.swift; path = ContentView.swift; sourceTree = "<group>"; };
		F201C30A2CC8239B009EDFFC /* Assets.xcassets */ = {isa = PBXFileReference; lastKnownFileType = folder.assetcatalog; path = Assets.xcassets; sourceTree = "<group>"; };
		F201C30C2CC8239C009EDFFC /* Weather_App.entitlements */ = {isa = PBXFileReference; lastKnownFileType = text.plist.entitlements; path = Weather_App.entitlements; sourceTree = "<group>"; };
		F201C30E2CC8239C009EDFFC /* Preview Assets.xcassets */ = {isa = PBXFileReference; lastKnownFileType = folder.assetcatalog; path = "Preview Assets.xcassets"; sourceTree = "<group>"; };
		F201C3142CC8239C009EDFFC /* Weather AppTests.xctest */ = {isa = PBXFileReference; explicitFileType = wrapper.cfbundle; includeInIndex = 0; path = "Weather AppTests.xctest"; sourceTree = BUILT_PRODUCTS_DIR; };
		F201C3182CC8239C009EDFFC /* Weather_AppTests.swift */ = {isa = PBXFileReference; lastKnownFileType = sourcecode.swift; path = Weather_AppTests.swift; sourceTree = "<group>"; };
		F201C31E2CC8239C009EDFFC /* Weather AppUITests.xctest */ = {isa = PBXFileReference; explicitFileType = wrapper.cfbundle; includeInIndex = 0; path = "Weather AppUITests.xctest"; sourceTree = BUILT_PRODUCTS_DIR; };
		F201C3222CC8239C009EDFFC /* Weather_AppUITests.swift */ = {isa = PBXFileReference; lastKnownFileType = sourcecode.swift; path = Weather_AppUITests.swift; sourceTree = "<group>"; };
		F201C3242CC8239C009EDFFC /* Weather_AppUITestsLaunchTests.swift */ = {isa = PBXFileReference; lastKnownFileType = sourcecode.swift; path = Weather_AppUITestsLaunchTests.swift; sourceTree = "<group>"; };
/* End PBXFileReference section */

/* Begin PBXFrameworksBuildPhase section */
		F201C3002CC82398009EDFFC /* Frameworks */ = {
			isa = PBXFrameworksBuildPhase;
			buildActionMask = 2147483647;
			files = (
			);
			runOnlyForDeploymentPostprocessing = 0;
		};
		F201C3112CC8239C009EDFFC /* Frameworks */ = {
			isa = PBXFrameworksBuildPhase;
			buildActionMask = 2147483647;
			files = (
			);
			runOnlyForDeploymentPostprocessing = 0;
		};
		F201C31B2CC8239C009EDFFC /* Frameworks */ = {
			isa = PBXFrameworksBuildPhase;
			buildActionMask = 2147483647;
			files = (
			);
			runOnlyForDeploymentPostprocessing = 0;
		};
/* End PBXFrameworksBuildPhase section */

/* Begin PBXGroup section */
		F201C2FA2CC82398009EDFFC = {
			isa = PBXGroup;
			children = (
				F201C3052CC82398009EDFFC /* Weather App */,
				F201C3172CC8239C009EDFFC /* Weather AppTests */,
				F201C3212CC8239C009EDFFC /* Weather AppUITests */,
				F201C3042CC82398009EDFFC /* Products */,
			);
			sourceTree = "<group>";
		};
		F201C3042CC82398009EDFFC /* Products */ = {
			isa = PBXGroup;
			children = (
				F201C3032CC82398009EDFFC /* Weather App.app */,
				F201C3142CC8239C009EDFFC /* Weather AppTests.xctest */,
				F201C31E2CC8239C009EDFFC /* Weather AppUITests.xctest */,
			);
			name = Products;
			sourceTree = "<group>";
		};
		F201C3052CC82398009EDFFC /* Weather App */ = {
			isa = PBXGroup;
			children = (
				6FBCF7D82F422FFF00916CEF /* TransactionsDatabase.swift */,
				6F6EB15C2F41A60D00F45928 /* PropertyPage.swift */,
				6F6EB15F2F41A60E00F45928 /* DatabasePage.swift */,
				6F6EB16F2F41A60D00F45928 /* UtilitiesPage.swift */,
				F201C3062CC82398009EDFFC /* Weather_AppApp.swift */,
				F201C3082CC82398009EDFFC /* ContentView.swift */,
				6F5F45F42F38FDD700CAD06A /* LandingPage.swift */,
				F201C30A2CC8239B009EDFFC /* Assets.xcassets */,
				F201C30C2CC8239C009EDFFC /* Weather_App.entitlements */,
				6F6EB1562F41A47800F45928 /* Commercial_properties.json */,
				6F6EB1572F41A47800F45928 /* Player_accounts.json */,
				6F6EB1582F41A47800F45928 /* Player_database.json */,
				6F6EB1542F418E3300F45928 /* Asset_database.json */,
				F201C30D2CC8239C009EDFFC /* Preview Content */,
			);
			path = "Weather App";
			sourceTree = "<group>";
		};
		F201C30D2CC8239C009EDFFC /* Preview Content */ = {
			isa = PBXGroup;
			children = (
				F201C30E2CC8239C009EDFFC /* Preview Assets.xcassets */,
			);
			path = "Preview Content";
			sourceTree = "<group>";
		};
		F201C3172CC8239C009EDFFC /* Weather AppTests */ = {
			isa = PBXGroup;
			children = (
				F201C3182CC8239C009EDFFC /* Weather_AppTests.swift */,
			);
			path = "Weather AppTests";
			sourceTree = "<group>";
		};
		F201C3212CC8239C009EDFFC /* Weather AppUITests */ = {
			isa = PBXGroup;
			children = (
				F201C3222CC8239C009EDFFC /* Weather_AppUITests.swift */,
				F201C3242CC8239C009EDFFC /* Weather_AppUITestsLaunchTests.swift */,
			);
			path = "Weather AppUITests";
			sourceTree = "<group>";
		};
/* End PBXGroup section */

/* Begin PBXNativeTarget section */
		F201C3022CC82398009EDFFC /* Weather App */ = {
			isa = PBXNativeTarget;
			buildConfigurationList = F201C3282CC8239C009EDFFC /* Build configuration list for PBXNativeTarget "Weather App" */;
			buildPhases = (
				F201C2FF2CC82398009EDFFC /* Sources */,
				F201C3002CC82398009EDFFC /* Frameworks */,
				F201C3012CC82398009EDFFC /* Resources */,
			);
			buildRules = (
			);
			dependencies = (
			);
			name = "Weather App";
			productName = "Weather App";
			productReference = F201C3032CC82398009EDFFC /* Weather App.app */;
			productType = "com.apple.product-type.application";
		};
		F201C3132CC8239C009EDFFC /* Weather AppTests */ = {
			isa = PBXNativeTarget;
			buildConfigurationList = F201C32B2CC8239C009EDFFC /* Build configuration list for PBXNativeTarget "Weather AppTests" */;
			buildPhases = (
				F201C3102CC8239C009EDFFC /* Sources */,
				F201C3112CC8239C009EDFFC /* Frameworks */,
				F201C3122CC8239C009EDFFC /* Resources */,
			);
			buildRules = (
			);
			dependencies = (
				F201C3162CC8239C009EDFFC /* PBXTargetDependency */,
			);
			name = "Weather AppTests";
			productName = "Weather AppTests";
			productReference = F201C3142CC8239C009EDFFC /* Weather AppTests.xctest */;
			productType = "com.apple.product-type.bundle.unit-test";
		};
		F201C31D2CC8239C009EDFFC /* Weather AppUITests */ = {
			isa = PBXNativeTarget;
			buildConfigurationList = F201C32E2CC8239C009EDFFC /* Build configuration list for PBXNativeTarget "Weather AppUITests" */;
			buildPhases = (
				F201C31A2CC8239C009EDFFC /* Sources */,
				F201C31B2CC8239C009EDFFC /* Frameworks */,
				F201C31C2CC8239C009EDFFC /* Resources */,
			);
			buildRules = (
			);
			dependencies = (
				F201C3202CC8239C009EDFFC /* PBXTargetDependency */,
			);
			name = "Weather AppUITests";
			productName = "Weather AppUITests";
			productReference = F201C31E2CC8239C009EDFFC /* Weather AppUITests.xctest */;
			productType = "com.apple.product-type.bundle.ui-testing";
		};
/* End PBXNativeTarget section */

/* Begin PBXProject section */
		F201C2FB2CC82398009EDFFC /* Project object */ = {
			isa = PBXProject;
			attributes = {
				BuildIndependentTargetsInParallel = 1;
				LastSwiftUpdateCheck = 1530;
				LastUpgradeCheck = 1530;
				TargetAttributes = {
					F201C3022CC82398009EDFFC = {
						CreatedOnToolsVersion = 15.3;
					};
					F201C3132CC8239C009EDFFC = {
						CreatedOnToolsVersion = 15.3;
						TestTargetID = F201C3022CC82398009EDFFC;
					};
					F201C31D2CC8239C009EDFFC = {
						CreatedOnToolsVersion = 15.3;
						TestTargetID = F201C3022CC82398009EDFFC;
					};
				};
			};
			buildConfigurationList = F201C2FE2CC82398009EDFFC /* Build configuration list for PBXProject "Weather App" */;
			compatibilityVersion = "Xcode 14.0";
			developmentRegion = en;
			hasScannedForEncodings = 0;
			knownRegions = (
				en,
				Base,
			);
			mainGroup = F201C2FA2CC82398009EDFFC;
			productRefGroup = F201C3042CC82398009EDFFC /* Products */;
			projectDirPath = "";
			projectRoot = "";
			targets = (
				F201C3022CC82398009EDFFC /* Weather App */,
				F201C3132CC8239C009EDFFC /* Weather AppTests */,
				F201C31D2CC8239C009EDFFC /* Weather AppUITests */,
			);
		};
/* End PBXProject section */

/* Begin PBXResourcesBuildPhase section */
		F201C3012CC82398009EDFFC /* Resources */ = {
			isa = PBXResourcesBuildPhase;
			buildActionMask = 2147483647;
			files = (
				F201C30F2CC8239C009EDFFC /* Preview Assets.xcassets in Resources */,
				F201C30B2CC8239B009EDFFC /* Assets.xcassets in Resources */,
				6F6EB1552F418E3300F45928 /* Asset_database.json in Resources */,
				6F6EB1592F41A47800F45928 /* Commercial_properties.json in Resources */,
				6F6EB15A2F41A47800F45928 /* Player_accounts.json in Resources */,
				6F6EB15B2F41A47800F45928 /* Player_database.json in Resources */,
			);
			runOnlyForDeploymentPostprocessing = 0;
		};
		F201C3122CC8239C009EDFFC /* Resources */ = {
			isa = PBXResourcesBuildPhase;
			buildActionMask = 2147483647;
			files = (
			);
			runOnlyForDeploymentPostprocessing = 0;
		};
		F201C31C2CC8239C009EDFFC /* Resources */ = {
			isa = PBXResourcesBuildPhase;
			buildActionMask = 2147483647;
			files = (
			);
			runOnlyForDeploymentPostprocessing = 0;
		};
/* End PBXResourcesBuildPhase section */

/* Begin PBXSourcesBuildPhase section */
		F201C2FF2CC82398009EDFFC /* Sources */ = {
			isa = PBXSourcesBuildPhase;
			buildActionMask = 2147483647;
			files = (
				F201C3092CC82398009EDFFC /* ContentView.swift in Sources */,
				F201C3072CC82398009EDFFC /* Weather_AppApp.swift in Sources */,
				6F5F45F52F38FDE600CAD06A /* LandingPage.swift in Sources */,
				6FBCF7DB2F422FFF00916CEF /* TransactionsDatabase.swift in Sources */,
				6F6EB15D2F41A61300F45928 /* PropertyPage.swift in Sources */,
				6F6EB15E2F41A61400F45928 /* DatabasePage.swift in Sources */,
				6F6EB1702F41A61300F45928 /* UtilitiesPage.swift in Sources */,
			);
			runOnlyForDeploymentPostprocessing = 0;
		};
		F201C3102CC8239C009EDFFC /* Sources */ = {
			isa = PBXSourcesBuildPhase;
			buildActionMask = 2147483647;
			files = (
				F201C3192CC8239C009EDFFC /* Weather_AppTests.swift in Sources */,
			);
			runOnlyForDeploymentPostprocessing = 0;
		};
		F201C31A2CC8239C009EDFFC /* Sources */ = {
			isa = PBXSourcesBuildPhase;
			buildActionMask = 2147483647;
			files = (
				F201C3232CC8239C009EDFFC /* Weather_AppUITests.swift in Sources */,
				F201C3252CC8239C009EDFFC /* Weather_AppUITestsLaunchTests.swift in Sources */,
			);
			runOnlyForDeploymentPostprocessing = 0;
		};
/* End PBXSourcesBuildPhase section */

/* Begin PBXTargetDependency section */
		F201C3162CC8239C009EDFFC /* PBXTargetDependency */ = {
			isa = PBXTargetDependency;
			target = F201C3022CC82398009EDFFC /* Weather App */;
			targetProxy = F201C3152CC8239C009EDFFC /* PBXContainerItemProxy */;
		};
		F201C3202CC8239C009EDFFC /* PBXTargetDependency */ = {
			isa = PBXTargetDependency;
			target = F201C3022CC82398009EDFFC /* Weather App */;
			targetProxy = F201C31F2CC8239C009EDFFC /* PBXContainerItemProxy */;
		};
/* End PBXTargetDependency section */

/* Begin XCBuildConfiguration section */
		F201C3262CC8239C009EDFFC /* Debug */ = {
			isa = XCBuildConfiguration;
			buildSettings = {
				ALWAYS_SEARCH_USER_PATHS = NO;
				ASSETCATALOG_COMPILER_GENERATE_SWIFT_ASSET_SYMBOL_EXTENSIONS = YES;
				CLANG_ANALYZER_NONNULL = YES;
				CLANG_ANALYZER_NUMBER_OBJECT_CONVERSION = YES_AGGRESSIVE;
				CLANG_CXX_LANGUAGE_STANDARD = "gnu++20";
				CLANG_ENABLE_MODULES = YES;
				CLANG_ENABLE_OBJC_ARC = YES;
				CLANG_ENABLE_OBJC_WEAK = YES;
				CLANG_WARN_BLOCK_CAPTURE_AUTORELEASING = YES;
				CLANG_WARN_BOOL_CONVERSION = YES;
				CLANG_WARN_COMMA = YES;
				CLANG_WARN_CONSTANT_CONVERSION = YES;
				CLANG_WARN_DEPRECATED_OBJC_IMPLEMENTATIONS = YES;
				CLANG_WARN_DIRECT_OBJC_ISA_USAGE = YES_ERROR;
				CLANG_WARN_DOCUMENTATION_COMMENTS = YES;
				CLANG_WARN_EMPTY_BODY = YES;
				CLANG_WARN_ENUM_CONVERSION = YES;
				CLANG_WARN_INFINITE_RECURSION = YES;
				CLANG_WARN_INT_CONVERSION = YES;
				CLANG_WARN_NON_LITERAL_NULL_CONVERSION = YES;
				CLANG_WARN_OBJC_IMPLICIT_RETAIN_SELF = YES;
				CLANG_WARN_OBJC_LITERAL_CONVERSION = YES;
				CLANG_WARN_OBJC_ROOT_CLASS = YES_ERROR;
				CLANG_WARN_QUOTED_INCLUDE_IN_FRAMEWORK_HEADER = YES;
				CLANG_WARN_RANGE_LOOP_ANALYSIS = YES;
				CLANG_WARN_STRICT_PROTOTYPES = YES;
				CLANG_WARN_SUSPICIOUS_MOVE = YES;
				CLANG_WARN_UNGUARDED_AVAILABILITY = YES_AGGRESSIVE;
				CLANG_WARN_UNREACHABLE_CODE = YES;
				CLANG_WARN__DUPLICATE_METHOD_MATCH = YES;
				COPY_PHASE_STRIP = NO;
				DEBUG_INFORMATION_FORMAT = dwarf;
				ENABLE_STRICT_OBJC_MSGSEND = YES;
				ENABLE_TESTABILITY = YES;
				ENABLE_USER_SCRIPT_SANDBOXING = YES;
				GCC_C_LANGUAGE_STANDARD = gnu17;
				GCC_DYNAMIC_NO_PIC = NO;
				GCC_NO_COMMON_BLOCKS = YES;
				GCC_OPTIMIZATION_LEVEL = 0;
				GCC_PREPROCESSOR_DEFINITIONS = (
					"DEBUG=1",
					"$(inherited)",
				);
				GCC_WARN_64_TO_32_BIT_CONVERSION = YES;
				GCC_WARN_ABOUT_RETURN_TYPE = YES_ERROR;
				GCC_WARN_UNDECLARED_SELECTOR = YES;
				GCC_WARN_UNINITIALIZED_AUTOS = YES_AGGRESSIVE;
				GCC_WARN_UNUSED_FUNCTION = YES;
				GCC_WARN_UNUSED_VARIABLE = YES;
				LOCALIZATION_PREFERS_STRING_CATALOGS = YES;
				MTL_ENABLE_DEBUG_INFO = INCLUDE_SOURCE;
				MTL_FAST_MATH = YES;
				ONLY_ACTIVE_ARCH = YES;
				SWIFT_ACTIVE_COMPILATION_CONDITIONS = "DEBUG $(inherited)";
				SWIFT_OPTIMIZATION_LEVEL = "-Onone";
			};
			name = Debug;
		};
		F201C3272CC8239C009EDFFC /* Release */ = {
			isa = XCBuildConfiguration;
			buildSettings = {
				ALWAYS_SEARCH_USER_PATHS = NO;
				ASSETCATALOG_COMPILER_GENERATE_SWIFT_ASSET_SYMBOL_EXTENSIONS = YES;
				CLANG_ANALYZER_NONNULL = YES;
				CLANG_ANALYZER_NUMBER_OBJECT_CONVERSION = YES_AGGRESSIVE;
				CLANG_CXX_LANGUAGE_STANDARD = "gnu++20";
				CLANG_ENABLE_MODULES = YES;
				CLANG_ENABLE_OBJC_ARC = YES;
				CLANG_ENABLE_OBJC_WEAK = YES;
				CLANG_WARN_BLOCK_CAPTURE_AUTORELEASING = YES;
				CLANG_WARN_BOOL_CONVERSION = YES;
				CLANG_WARN_COMMA = YES;
				CLANG_WARN_CONSTANT_CONVERSION = YES;
				CLANG_WARN_DEPRECATED_OBJC_IMPLEMENTATIONS = YES;
				CLANG_WARN_DIRECT_OBJC_ISA_USAGE = YES_ERROR;
				CLANG_WARN_DOCUMENTATION_COMMENTS = YES;
				CLANG_WARN_EMPTY_BODY = YES;
				CLANG_WARN_ENUM_CONVERSION = YES;
				CLANG_WARN_INFINITE_RECURSION = YES;
				CLANG_WARN_INT_CONVERSION = YES;
				CLANG_WARN_NON_LITERAL_NULL_CONVERSION = YES;
				CLANG_WARN_OBJC_IMPLICIT_RETAIN_SELF = YES;
				CLANG_WARN_OBJC_LITERAL_CONVERSION = YES;
				CLANG_WARN_OBJC_ROOT_CLASS = YES_ERROR;
				CLANG_WARN_QUOTED_INCLUDE_IN_FRAMEWORK_HEADER = YES;
				CLANG_WARN_RANGE_LOOP_ANALYSIS = YES;
				CLANG_WARN_STRICT_PROTOTYPES = YES;
				CLANG_WARN_SUSPICIOUS_MOVE = YES;
				CLANG_WARN_UNGUARDED_AVAILABILITY = YES_AGGRESSIVE;
				CLANG_WARN_UNREACHABLE_CODE = YES;
				CLANG_WARN__DUPLICATE_METHOD_MATCH = YES;
				COPY_PHASE_STRIP = NO;
				DEBUG_INFORMATION_FORMAT = "dwarf-with-dsym";
				ENABLE_NS_ASSERTIONS = NO;
				ENABLE_STRICT_OBJC_MSGSEND = YES;
				ENABLE_USER_SCRIPT_SANDBOXING = YES;
				GCC_C_LANGUAGE_STANDARD = gnu17;
				GCC_NO_COMMON_BLOCKS = YES;
				GCC_WARN_64_TO_32_BIT_CONVERSION = YES;
				GCC_WARN_ABOUT_RETURN_TYPE = YES_ERROR;
				GCC_WARN_UNDECLARED_SELECTOR = YES;
				GCC_WARN_UNINITIALIZED_AUTOS = YES_AGGRESSIVE;
				GCC_WARN_UNUSED_FUNCTION = YES;
				GCC_WARN_UNUSED_VARIABLE = YES;
				LOCALIZATION_PREFERS_STRING_CATALOGS = YES;
				MTL_ENABLE_DEBUG_INFO = NO;
				MTL_FAST_MATH = YES;
				SWIFT_COMPILATION_MODE = wholemodule;
			};
			name = Release;
		};
		F201C3292CC8239C009EDFFC /* Debug */ = {
			isa = XCBuildConfiguration;
			buildSettings = {
				ASSETCATALOG_COMPILER_APPICON_NAME = AppIcon;
				ASSETCATALOG_COMPILER_GLOBAL_ACCENT_COLOR_NAME = AccentColor;
				CODE_SIGN_ENTITLEMENTS = "Weather App/Weather_App.entitlements";
				CODE_SIGN_STYLE = Automatic;
				CURRENT_PROJECT_VERSION = 1;
				DEVELOPMENT_ASSET_PATHS = "\"Weather App/Preview Content\"";
				DEVELOPMENT_TEAM = 892WV62N7H;
				ENABLE_PREVIEWS = YES;
				GENERATE_INFOPLIST_FILE = YES;
				"INFOPLIST_KEY_UIApplicationSceneManifest_Generation[sdk=iphoneos*]" = YES;
				"INFOPLIST_KEY_UIApplicationSceneManifest_Generation[sdk=iphonesimulator*]" = YES;
				"INFOPLIST_KEY_UIApplicationSupportsIndirectInputEvents[sdk=iphoneos*]" = YES;
				"INFOPLIST_KEY_UIApplicationSupportsIndirectInputEvents[sdk=iphonesimulator*]" = YES;
				"INFOPLIST_KEY_UILaunchScreen_Generation[sdk=iphoneos*]" = YES;
				"INFOPLIST_KEY_UILaunchScreen_Generation[sdk=iphonesimulator*]" = YES;
				"INFOPLIST_KEY_UIStatusBarStyle[sdk=iphoneos*]" = UIStatusBarStyleDefault;
				"INFOPLIST_KEY_UIStatusBarStyle[sdk=iphonesimulator*]" = UIStatusBarStyleDefault;
				INFOPLIST_KEY_UISupportedInterfaceOrientations_iPad = "UIInterfaceOrientationPortrait UIInterfaceOrientationPortraitUpsideDown UIInterfaceOrientationLandscapeLeft UIInterfaceOrientationLandscapeRight";
				INFOPLIST_KEY_UISupportedInterfaceOrientations_iPhone = "UIInterfaceOrientationPortrait UIInterfaceOrientationLandscapeLeft UIInterfaceOrientationLandscapeRight";
				IPHONEOS_DEPLOYMENT_TARGET = 17.4;
				LD_RUNPATH_SEARCH_PATHS = "@executable_path/Frameworks";
				"LD_RUNPATH_SEARCH_PATHS[sdk=macosx*]" = "@executable_path/../Frameworks";
				MACOSX_DEPLOYMENT_TARGET = 14.4;
				MARKETING_VERSION = 1.0;
				PRODUCT_BUNDLE_IDENTIFIER = "bsliv.Weather-App";
				PRODUCT_NAME = "$(TARGET_NAME)";
				SDKROOT = auto;
				SUPPORTED_PLATFORMS = "iphoneos iphonesimulator macosx";
				SWIFT_EMIT_LOC_STRINGS = YES;
				SWIFT_VERSION = 5.0;
				TARGETED_DEVICE_FAMILY = "1,2";
			};
			name = Debug;
		};
		F201C32A2CC8239C009EDFFC /* Release */ = {
			isa = XCBuildConfiguration;
			buildSettings = {
				ASSETCATALOG_COMPILER_APPICON_NAME = AppIcon;
				ASSETCATALOG_COMPILER_GLOBAL_ACCENT_COLOR_NAME = AccentColor;
				CODE_SIGN_ENTITLEMENTS = "Weather App/Weather_App.entitlements";
				CODE_SIGN_STYLE = Automatic;
				CURRENT_PROJECT_VERSION = 1;
				DEVELOPMENT_ASSET_PATHS = "\"Weather App/Preview Content\"";
				DEVELOPMENT_TEAM = 892WV62N7H;
				ENABLE_PREVIEWS = YES;
				GENERATE_INFOPLIST_FILE = YES;
				"INFOPLIST_KEY_UIApplicationSceneManifest_Generation[sdk=iphoneos*]" = YES;
				"INFOPLIST_KEY_UIApplicationSceneManifest_Generation[sdk=iphonesimulator*]" = YES;
				"INFOPLIST_KEY_UIApplicationSupportsIndirectInputEvents[sdk=iphoneos*]" = YES;
				"INFOPLIST_KEY_UIApplicationSupportsIndirectInputEvents[sdk=iphonesimulator*]" = YES;
				"INFOPLIST_KEY_UILaunchScreen_Generation[sdk=iphoneos*]" = YES;
				"INFOPLIST_KEY_UILaunchScreen_Generation[sdk=iphonesimulator*]" = YES;
				"INFOPLIST_KEY_UIStatusBarStyle[sdk=iphoneos*]" = UIStatusBarStyleDefault;
				"INFOPLIST_KEY_UIStatusBarStyle[sdk=iphonesimulator*]" = UIStatusBarStyleDefault;
				INFOPLIST_KEY_UISupportedInterfaceOrientations_iPad = "UIInterfaceOrientationPortrait UIInterfaceOrientationPortraitUpsideDown UIInterfaceOrientationLandscapeLeft UIInterfaceOrientationLandscapeRight";
				INFOPLIST_KEY_UISupportedInterfaceOrientations_iPhone = "UIInterfaceOrientationPortrait UIInterfaceOrientationLandscapeLeft UIInterfaceOrientationLandscapeRight";
				IPHONEOS_DEPLOYMENT_TARGET = 17.4;
				LD_RUNPATH_SEARCH_PATHS = "@executable_path/Frameworks";
				"LD_RUNPATH_SEARCH_PATHS[sdk=macosx*]" = "@executable_path/../Frameworks";
				MACOSX_DEPLOYMENT_TARGET = 14.4;
				MARKETING_VERSION = 1.0;
				PRODUCT_BUNDLE_IDENTIFIER = "bsliv.Weather-App";
				PRODUCT_NAME = "$(TARGET_NAME)";
				SDKROOT = auto;
				SUPPORTED_PLATFORMS = "iphoneos iphonesimulator macosx";
				SWIFT_EMIT_LOC_STRINGS = YES;
				SWIFT_VERSION = 5.0;
				TARGETED_DEVICE_FAMILY = "1,2";
			};
			name = Release;
		};
		F201C32C2CC8239C009EDFFC /* Debug */ = {
			isa = XCBuildConfiguration;
			buildSettings = {
				ALWAYS_EMBED_SWIFT_STANDARD_LIBRARIES = YES;
				BUNDLE_LOADER = "$(TEST_HOST)";
				CODE_SIGN_STYLE = Automatic;
				CURRENT_PROJECT_VERSION = 1;
				GENERATE_INFOPLIST_FILE = YES;
				IPHONEOS_DEPLOYMENT_TARGET = 17.4;
				MACOSX_DEPLOYMENT_TARGET = 14.4;
				MARKETING_VERSION = 1.0;
				PRODUCT_BUNDLE_IDENTIFIER = "bsliv.Weather-AppTests";
				PRODUCT_NAME = "$(TARGET_NAME)";
				SDKROOT = auto;
				SUPPORTED_PLATFORMS = "iphoneos iphonesimulator macosx";
				SWIFT_EMIT_LOC_STRINGS = NO;
				SWIFT_VERSION = 5.0;
				TARGETED_DEVICE_FAMILY = "1,2";
				TEST_HOST = "$(BUILT_PRODUCTS_DIR)/Weather App.app/$(BUNDLE_EXECUTABLE_FOLDER_PATH)/Weather App";
			};
			name = Debug;
		};
		F201C32D2CC8239C009EDFFC /* Release */ = {
			isa = XCBuildConfiguration;
			buildSettings = {
				ALWAYS_EMBED_SWIFT_STANDARD_LIBRARIES = YES;
				BUNDLE_LOADER = "$(TEST_HOST)";
				CODE_SIGN_STYLE = Automatic;
				CURRENT_PROJECT_VERSION = 1;
				GENERATE_INFOPLIST_FILE = YES;
				IPHONEOS_DEPLOYMENT_TARGET = 17.4;
				MACOSX_DEPLOYMENT_TARGET = 14.4;
				MARKETING_VERSION = 1.0;
				PRODUCT_BUNDLE_IDENTIFIER = "bsliv.Weather-AppTests";
				PRODUCT_NAME = "$(TARGET_NAME)";
				SDKROOT = auto;
				SUPPORTED_PLATFORMS = "iphoneos iphonesimulator macosx";
				SWIFT_EMIT_LOC_STRINGS = NO;
				SWIFT_VERSION = 5.0;
				TARGETED_DEVICE_FAMILY = "1,2";
				TEST_HOST = "$(BUILT_PRODUCTS_DIR)/Weather App.app/$(BUNDLE_EXECUTABLE_FOLDER_PATH)/Weather App";
			};
			name = Release;
		};
		F201C32F2CC8239C009EDFFC /* Debug */ = {
			isa = XCBuildConfiguration;
			buildSettings = {
				ALWAYS_EMBED_SWIFT_STANDARD_LIBRARIES = YES;
				CODE_SIGN_STYLE = Automatic;
				CURRENT_PROJECT_VERSION = 1;
				GENERATE_INFOPLIST_FILE = YES;
				IPHONEOS_DEPLOYMENT_TARGET = 17.4;
				MACOSX_DEPLOYMENT_TARGET = 14.4;
				MARKETING_VERSION = 1.0;
				PRODUCT_BUNDLE_IDENTIFIER = "bsliv.Weather-AppUITests";
				PRODUCT_NAME = "$(TARGET_NAME)";
				SDKROOT = auto;
				SUPPORTED_PLATFORMS = "iphoneos iphonesimulator macosx";
				SWIFT_EMIT_LOC_STRINGS = NO;
				SWIFT_VERSION = 5.0;
				TARGETED_DEVICE_FAMILY = "1,2";
				TEST_TARGET_NAME = "Weather App";
			};
			name = Debug;
		};
		F201C3302CC8239C009EDFFC /* Release */ = {
			isa = XCBuildConfiguration;
			buildSettings = {
				ALWAYS_EMBED_SWIFT_STANDARD_LIBRARIES = YES;
				CODE_SIGN_STYLE = Automatic;
				CURRENT_PROJECT_VERSION = 1;
				GENERATE_INFOPLIST_FILE = YES;
				IPHONEOS_DEPLOYMENT_TARGET = 17.4;
				MACOSX_DEPLOYMENT_TARGET = 14.4;
				MARKETING_VERSION = 1.0;
				PRODUCT_BUNDLE_IDENTIFIER = "bsliv.Weather-AppUITests";
				PRODUCT_NAME = "$(TARGET_NAME)";
				SDKROOT = auto;
				SUPPORTED_PLATFORMS = "iphoneos iphonesimulator macosx";
				SWIFT_EMIT_LOC_STRINGS = NO;
				SWIFT_VERSION = 5.0;
				TARGETED_DEVICE_FAMILY = "1,2";
				TEST_TARGET_NAME = "Weather App";
			};
			name = Release;
		};
/* End XCBuildConfiguration section */

/* Begin XCConfigurationList section */
		F201C2FE2CC82398009EDFFC /* Build configuration list for PBXProject "Weather App" */ = {
			isa = XCConfigurationList;
			buildConfigurations = (
				F201C3262CC8239C009EDFFC /* Debug */,
				F201C3272CC8239C009EDFFC /* Release */,
			);
			defaultConfigurationIsVisible = 0;
			defaultConfigurationName = Release;
		};
		F201C3282CC8239C009EDFFC /* Build configuration list for PBXNativeTarget "Weather App" */ = {
			isa = XCConfigurationList;
			buildConfigurations = (
				F201C3292CC8239C009EDFFC /* Debug */,
				F201C32A2CC8239C009EDFFC /* Release */,
			);
			defaultConfigurationIsVisible = 0;
			defaultConfigurationName = Release;
		};
		F201C32B2CC8239C009EDFFC /* Build configuration list for PBXNativeTarget "Weather AppTests" */ = {
			isa = XCConfigurationList;
			buildConfigurations = (
				F201C32C2CC8239C009EDFFC /* Debug */,
				F201C32D2CC8239C009EDFFC /* Release */,
			);
			defaultConfigurationIsVisible = 0;
			defaultConfigurationName = Release;
		};
		F201C32E2CC8239C009EDFFC /* Build configuration list for PBXNativeTarget "Weather AppUITests" */ = {
			isa = XCConfigurationList;
			buildConfigurations = (
				F201C32F2CC8239C009EDFFC /* Debug */,
				F201C3302CC8239C009EDFFC /* Release */,
			);
			defaultConfigurationIsVisible = 0;
			defaultConfigurationName = Release;
		};
/* End XCConfigurationList section */
	};
	rootObject = F201C2FB2CC82398009EDFFC /* Project object */;
}
